// !$*UTF8*$!
{
	archiveVersion = 1;
	classes = {
	};
	objectVersion = 50;
	objects = {

/* Begin PBXBuildFile section */
		5CC914D5AA6D11975C2FEA7A /* Pods_My_Movies.framework in Frameworks */ = {isa = PBXBuildFile; fileRef = 581CA2863A39456F437C9FE2 /* Pods_My_Movies.framework */; };
		D99123472285A74A00E9BDA6 /* AppDelegate.swift in Sources */ = {isa = PBXBuildFile; fileRef = D99123462285A74A00E9BDA6 /* AppDelegate.swift */; };
		D99123492285A74A00E9BDA6 /* LogInViewController.swift in Sources */ = {isa = PBXBuildFile; fileRef = D99123482285A74A00E9BDA6 /* LogInViewController.swift */; };
		D991234C2285A74A00E9BDA6 /* Main.storyboard in Resources */ = {isa = PBXBuildFile; fileRef = D991234A2285A74A00E9BDA6 /* Main.storyboard */; };
		D99123512285A74C00E9BDA6 /* LaunchScreen.storyboard in Resources */ = {isa = PBXBuildFile; fileRef = D991234F2285A74C00E9BDA6 /* LaunchScreen.storyboard */; };
		D99123672285BFCA00E9BDA6 /* Colors.xcassets in Resources */ = {isa = PBXBuildFile; fileRef = D99123662285BFCA00E9BDA6 /* Colors.xcassets */; };
		D991236B2285C16E00E9BDA6 /* Theme.swift in Sources */ = {isa = PBXBuildFile; fileRef = D991236A2285C16E00E9BDA6 /* Theme.swift */; };
		D991236E2285C30F00E9BDA6 /* RoundedUiView.swift in Sources */ = {isa = PBXBuildFile; fileRef = D991236D2285C30F00E9BDA6 /* RoundedUiView.swift */; };
		D9912381228643F700E9BDA6 /* Movies.storyboard in Resources */ = {isa = PBXBuildFile; fileRef = D9912380228643F700E9BDA6 /* Movies.storyboard */; };
		D99123832286460900E9BDA6 /* HomeViewController.swift in Sources */ = {isa = PBXBuildFile; fileRef = D99123822286460900E9BDA6 /* HomeViewController.swift */; };
		D99123852286463000E9BDA6 /* WatchListViewController.swift in Sources */ = {isa = PBXBuildFile; fileRef = D99123842286463000E9BDA6 /* WatchListViewController.swift */; };
		D99123882286466D00E9BDA6 /* FavouriteViewController.swift in Sources */ = {isa = PBXBuildFile; fileRef = D99123872286466D00E9BDA6 /* FavouriteViewController.swift */; };
		D991238C228652E400E9BDA6 /* Assets.xcassets in Resources */ = {isa = PBXBuildFile; fileRef = D991238B228652E300E9BDA6 /* Assets.xcassets */; };
		D9EF55F92287250D004F3941 /* MovieCell.swift in Sources */ = {isa = PBXBuildFile; fileRef = D9EF55F82287250D004F3941 /* MovieCell.swift */; };
		D9EFB7C4228834CA00E32980 /* TMDBTypes.swift in Sources */ = {isa = PBXBuildFile; fileRef = D9EFB7AE228834CA00E32980 /* TMDBTypes.swift */; };
		D9EFB7C5228834CA00E32980 /* TMDBClient.swift in Sources */ = {isa = PBXBuildFile; fileRef = D9EFB7AF228834CA00E32980 /* TMDBClient.swift */; };
		D9EFB7C6228834CA00E32980 /* MarkFavorite.swift in Sources */ = {isa = PBXBuildFile; fileRef = D9EFB7B7228834CA00E32980 /* MarkFavorite.swift */; };
		D9EFB7C7228834CA00E32980 /* LoginRequest.swift in Sources */ = {isa = PBXBuildFile; fileRef = D9EFB7B8228834CA00E32980 /* LoginRequest.swift */; };
		D9EFB7C8228834CA00E32980 /* PostSession.swift in Sources */ = {isa = PBXBuildFile; fileRef = D9EFB7B9228834CA00E32980 /* PostSession.swift */; };
		D9EFB7C9228834CA00E32980 /* LogoutRequest.swift in Sources */ = {isa = PBXBuildFile; fileRef = D9EFB7BA228834CA00E32980 /* LogoutRequest.swift */; };
		D9EFB7CA228834CA00E32980 /* MarkWatchlist.swift in Sources */ = {isa = PBXBuildFile; fileRef = D9EFB7BB228834CA00E32980 /* MarkWatchlist.swift */; };
		D9EFB7CB228834CA00E32980 /* MovieModel.swift in Sources */ = {isa = PBXBuildFile; fileRef = D9EFB7BD228834CA00E32980 /* MovieModel.swift */; };
		D9EFB7CC228834CA00E32980 /* RequestTokenResponse.swift in Sources */ = {isa = PBXBuildFile; fileRef = D9EFB7BF228834CA00E32980 /* RequestTokenResponse.swift */; };
		D9EFB7CD228834CA00E32980 /* SessionResponse.swift in Sources */ = {isa = PBXBuildFile; fileRef = D9EFB7C0228834CA00E32980 /* SessionResponse.swift */; };
		D9EFB7CE228834CA00E32980 /* Movie.swift in Sources */ = {isa = PBXBuildFile; fileRef = D9EFB7C1228834CA00E32980 /* Movie.swift */; };
		D9EFB7CF228834CA00E32980 /* MovieResults.swift in Sources */ = {isa = PBXBuildFile; fileRef = D9EFB7C2228834CA00E32980 /* MovieResults.swift */; };
		D9EFB7D0228834CA00E32980 /* TMDBResponse.swift in Sources */ = {isa = PBXBuildFile; fileRef = D9EFB7C3228834CA00E32980 /* TMDBResponse.swift */; };
		D9EFB7D3228878BE00E32980 /* MovieDetailViewController.storyboard in Resources */ = {isa = PBXBuildFile; fileRef = D9EFB7D2228878BE00E32980 /* MovieDetailViewController.storyboard */; };
		D9EFB7D5228878EB00E32980 /* MovieDetailViewController.swift in Sources */ = {isa = PBXBuildFile; fileRef = D9EFB7D4228878EB00E32980 /* MovieDetailViewController.swift */; };
/* End PBXBuildFile section */

/* Begin PBXFileReference section */
		581CA2863A39456F437C9FE2 /* Pods_My_Movies.framework */ = {isa = PBXFileReference; explicitFileType = wrapper.framework; includeInIndex = 0; path = Pods_My_Movies.framework; sourceTree = BUILT_PRODUCTS_DIR; };
		698BA778F01CBFF373434219 /* Pods-My Movies.release.xcconfig */ = {isa = PBXFileReference; includeInIndex = 1; lastKnownFileType = text.xcconfig; name = "Pods-My Movies.release.xcconfig"; path = "Target Support Files/Pods-My Movies/Pods-My Movies.release.xcconfig"; sourceTree = "<group>"; };
		D99123432285A74A00E9BDA6 /* My Movies.app */ = {isa = PBXFileReference; explicitFileType = wrapper.application; includeInIndex = 0; path = "My Movies.app"; sourceTree = BUILT_PRODUCTS_DIR; };
		D99123462285A74A00E9BDA6 /* AppDelegate.swift */ = {isa = PBXFileReference; lastKnownFileType = sourcecode.swift; path = AppDelegate.swift; sourceTree = "<group>"; };
		D99123482285A74A00E9BDA6 /* LogInViewController.swift */ = {isa = PBXFileReference; lastKnownFileType = sourcecode.swift; path = LogInViewController.swift; sourceTree = "<group>"; };
		D991234B2285A74A00E9BDA6 /* Base */ = {isa = PBXFileReference; lastKnownFileType = file.storyboard; name = Base; path = Base.lproj/Main.storyboard; sourceTree = "<group>"; };
		D99123502285A74C00E9BDA6 /* Base */ = {isa = PBXFileReference; lastKnownFileType = file.storyboard; name = Base; path = Base.lproj/LaunchScreen.storyboard; sourceTree = "<group>"; };
		D99123522285A74C00E9BDA6 /* Info.plist */ = {isa = PBXFileReference; lastKnownFileType = text.plist.xml; path = Info.plist; sourceTree = "<group>"; };
		D99123662285BFCA00E9BDA6 /* Colors.xcassets */ = {isa = PBXFileReference; lastKnownFileType = folder.assetcatalog; path = Colors.xcassets; sourceTree = "<group>"; };
		D991236A2285C16E00E9BDA6 /* Theme.swift */ = {isa = PBXFileReference; lastKnownFileType = sourcecode.swift; path = Theme.swift; sourceTree = "<group>"; };
		D991236D2285C30F00E9BDA6 /* RoundedUiView.swift */ = {isa = PBXFileReference; lastKnownFileType = sourcecode.swift; path = RoundedUiView.swift; sourceTree = "<group>"; };
		D9912380228643F700E9BDA6 /* Movies.storyboard */ = {isa = PBXFileReference; lastKnownFileType = file.storyboard; path = Movies.storyboard; sourceTree = "<group>"; };
		D99123822286460900E9BDA6 /* HomeViewController.swift */ = {isa = PBXFileReference; lastKnownFileType = sourcecode.swift; path = HomeViewController.swift; sourceTree = "<group>"; };
		D99123842286463000E9BDA6 /* WatchListViewController.swift */ = {isa = PBXFileReference; lastKnownFileType = sourcecode.swift; path = WatchListViewController.swift; sourceTree = "<group>"; };
		D99123872286466D00E9BDA6 /* FavouriteViewController.swift */ = {isa = PBXFileReference; lastKnownFileType = sourcecode.swift; path = FavouriteViewController.swift; sourceTree = "<group>"; };
		D991238B228652E300E9BDA6 /* Assets.xcassets */ = {isa = PBXFileReference; lastKnownFileType = folder.assetcatalog; path = Assets.xcassets; sourceTree = "<group>"; };
		D9EF55F82287250D004F3941 /* MovieCell.swift */ = {isa = PBXFileReference; lastKnownFileType = sourcecode.swift; path = MovieCell.swift; sourceTree = "<group>"; };
		D9EFB7AE228834CA00E32980 /* TMDBTypes.swift */ = {isa = PBXFileReference; fileEncoding = 4; lastKnownFileType = sourcecode.swift; path = TMDBTypes.swift; sourceTree = "<group>"; };
		D9EFB7AF228834CA00E32980 /* TMDBClient.swift */ = {isa = PBXFileReference; fileEncoding = 4; lastKnownFileType = sourcecode.swift; path = TMDBClient.swift; sourceTree = "<group>"; };
		D9EFB7B7228834CA00E32980 /* MarkFavorite.swift */ = {isa = PBXFileReference; fileEncoding = 4; lastKnownFileType = sourcecode.swift; path = MarkFavorite.swift; sourceTree = "<group>"; };
		D9EFB7B8228834CA00E32980 /* LoginRequest.swift */ = {isa = PBXFileReference; fileEncoding = 4; lastKnownFileType = sourcecode.swift; path = LoginRequest.swift; sourceTree = "<group>"; };
		D9EFB7B9228834CA00E32980 /* PostSession.swift */ = {isa = PBXFileReference; fileEncoding = 4; lastKnownFileType = sourcecode.swift; path = PostSession.swift; sourceTree = "<group>"; };
		D9EFB7BA228834CA00E32980 /* LogoutRequest.swift */ = {isa = PBXFileReference; fileEncoding = 4; lastKnownFileType = sourcecode.swift; path = LogoutRequest.swift; sourceTree = "<group>"; };
		D9EFB7BB228834CA00E32980 /* MarkWatchlist.swift */ = {isa = PBXFileReference; fileEncoding = 4; lastKnownFileType = sourcecode.swift; path = MarkWatchlist.swift; sourceTree = "<group>"; };
		D9EFB7BD228834CA00E32980 /* MovieModel.swift */ = {isa = PBXFileReference; fileEncoding = 4; lastKnownFileType = sourcecode.swift; path = MovieModel.swift; sourceTree = "<group>"; };
		D9EFB7BF228834CA00E32980 /* RequestTokenResponse.swift */ = {isa = PBXFileReference; fileEncoding = 4; lastKnownFileType = sourcecode.swift; path = RequestTokenResponse.swift; sourceTree = "<group>"; };
		D9EFB7C0228834CA00E32980 /* SessionResponse.swift */ = {isa = PBXFileReference; fileEncoding = 4; lastKnownFileType = sourcecode.swift; path = SessionResponse.swift; sourceTree = "<group>"; };
		D9EFB7C1228834CA00E32980 /* Movie.swift */ = {isa = PBXFileReference; fileEncoding = 4; lastKnownFileType = sourcecode.swift; path = Movie.swift; sourceTree = "<group>"; };
		D9EFB7C2228834CA00E32980 /* MovieResults.swift */ = {isa = PBXFileReference; fileEncoding = 4; lastKnownFileType = sourcecode.swift; path = MovieResults.swift; sourceTree = "<group>"; };
		D9EFB7C3228834CA00E32980 /* TMDBResponse.swift */ = {isa = PBXFileReference; fileEncoding = 4; lastKnownFileType = sourcecode.swift; path = TMDBResponse.swift; sourceTree = "<group>"; };
		D9EFB7D2228878BE00E32980 /* MovieDetailViewController.storyboard */ = {isa = PBXFileReference; lastKnownFileType = file.storyboard; path = MovieDetailViewController.storyboard; sourceTree = "<group>"; };
		D9EFB7D4228878EB00E32980 /* MovieDetailViewController.swift */ = {isa = PBXFileReference; lastKnownFileType = sourcecode.swift; path = MovieDetailViewController.swift; sourceTree = "<group>"; };
		F17036469D42CD0ED0EDEC48 /* Pods-My Movies.debug.xcconfig */ = {isa = PBXFileReference; includeInIndex = 1; lastKnownFileType = text.xcconfig; name = "Pods-My Movies.debug.xcconfig"; path = "Target Support Files/Pods-My Movies/Pods-My Movies.debug.xcconfig"; sourceTree = "<group>"; };
/* End PBXFileReference section */

/* Begin PBXFrameworksBuildPhase section */
		D99123402285A74A00E9BDA6 /* Frameworks */ = {
			isa = PBXFrameworksBuildPhase;
			buildActionMask = 2147483647;
			files = (
				5CC914D5AA6D11975C2FEA7A /* Pods_My_Movies.framework in Frameworks */,
			);
			runOnlyForDeploymentPostprocessing = 0;
		};
/* End PBXFrameworksBuildPhase section */

/* Begin PBXGroup section */
		3BB972CB7CB43A2FCD7A31E1 /* Pods */ = {
			isa = PBXGroup;
			children = (
				F17036469D42CD0ED0EDEC48 /* Pods-My Movies.debug.xcconfig */,
				698BA778F01CBFF373434219 /* Pods-My Movies.release.xcconfig */,
			);
			path = Pods;
			sourceTree = "<group>";
		};
		8E9AC3999FF788AEC6E61E31 /* Frameworks */ = {
			isa = PBXGroup;
			children = (
				581CA2863A39456F437C9FE2 /* Pods_My_Movies.framework */,
			);
			name = Frameworks;
			sourceTree = "<group>";
		};
		D991233A2285A74A00E9BDA6 = {
			isa = PBXGroup;
			children = (
				D99123452285A74A00E9BDA6 /* My Movies */,
				D99123442285A74A00E9BDA6 /* Products */,
				3BB972CB7CB43A2FCD7A31E1 /* Pods */,
				8E9AC3999FF788AEC6E61E31 /* Frameworks */,
			);
			sourceTree = "<group>";
		};
		D99123442285A74A00E9BDA6 /* Products */ = {
			isa = PBXGroup;
			children = (
				D99123432285A74A00E9BDA6 /* My Movies.app */,
			);
			name = Products;
			sourceTree = "<group>";
		};
		D99123452285A74A00E9BDA6 /* My Movies */ = {
			isa = PBXGroup;
			children = (
				D99123642285BF5900E9BDA6 /* Resources */,
				D99123592285A77200E9BDA6 /* View */,
				D99123582285A76000E9BDA6 /* Model */,
				D99123462285A74A00E9BDA6 /* AppDelegate.swift */,
				D991234F2285A74C00E9BDA6 /* LaunchScreen.storyboard */,
				D99123522285A74C00E9BDA6 /* Info.plist */,
				D991238B228652E300E9BDA6 /* Assets.xcassets */,
			);
			path = "My Movies";
			sourceTree = "<group>";
		};
		D99123582285A76000E9BDA6 /* Model */ = {
			isa = PBXGroup;
			children = (
				D9EFB7BC228834CA00E32980 /* Data */,
				D9EFB7AD228834CA00E32980 /* TMDB Client */,
				D9EFB7B6228834CA00E32980 /* TMDB Requests */,
				D9EFB7BE228834CA00E32980 /* TMDB Responses */,
			);
			path = Model;
			sourceTree = "<group>";
		};
		D99123592285A77200E9BDA6 /* View */ = {
			isa = PBXGroup;
			children = (
				D9EFB7D12288789B00E32980 /* DetailScreen */,
				D991237F228641F400E9BDA6 /* MoviesScreen */,
				D991235A2285A79300E9BDA6 /* LogInScreen */,
			);
			path = View;
			sourceTree = "<group>";
		};
		D991235A2285A79300E9BDA6 /* LogInScreen */ = {
			isa = PBXGroup;
			children = (
				D99123482285A74A00E9BDA6 /* LogInViewController.swift */,
				D991234A2285A74A00E9BDA6 /* Main.storyboard */,
			);
			path = LogInScreen;
			sourceTree = "<group>";
		};
		D99123642285BF5900E9BDA6 /* Resources */ = {
			isa = PBXGroup;
			children = (
				D991236C2285C2EB00E9BDA6 /* Extensions */,
				D99123652285BF9D00E9BDA6 /* Theme */,
			);
			path = Resources;
			sourceTree = "<group>";
		};
		D99123652285BF9D00E9BDA6 /* Theme */ = {
			isa = PBXGroup;
			children = (
				D99123662285BFCA00E9BDA6 /* Colors.xcassets */,
				D991236A2285C16E00E9BDA6 /* Theme.swift */,
			);
			path = Theme;
			sourceTree = "<group>";
		};
		D991236C2285C2EB00E9BDA6 /* Extensions */ = {
			isa = PBXGroup;
			children = (
				D991236D2285C30F00E9BDA6 /* RoundedUiView.swift */,
			);
			path = Extensions;
			sourceTree = "<group>";
		};
		D991237F228641F400E9BDA6 /* MoviesScreen */ = {
			isa = PBXGroup;
			children = (
				D9912380228643F700E9BDA6 /* Movies.storyboard */,
				D9EF55F82287250D004F3941 /* MovieCell.swift */,
				D99123822286460900E9BDA6 /* HomeViewController.swift */,
				D99123842286463000E9BDA6 /* WatchListViewController.swift */,
				D99123872286466D00E9BDA6 /* FavouriteViewController.swift */,
			);
			path = MoviesScreen;
			sourceTree = "<group>";
		};
		D9EFB7AD228834CA00E32980 /* TMDB Client */ = {
			isa = PBXGroup;
			children = (
				D9EFB7AE228834CA00E32980 /* TMDBTypes.swift */,
				D9EFB7AF228834CA00E32980 /* TMDBClient.swift */,
			);
			path = "TMDB Client";
			sourceTree = "<group>";
		};
		D9EFB7B6228834CA00E32980 /* TMDB Requests */ = {
			isa = PBXGroup;
			children = (
				D9EFB7B7228834CA00E32980 /* MarkFavorite.swift */,
				D9EFB7B8228834CA00E32980 /* LoginRequest.swift */,
				D9EFB7B9228834CA00E32980 /* PostSession.swift */,
				D9EFB7BA228834CA00E32980 /* LogoutRequest.swift */,
				D9EFB7BB228834CA00E32980 /* MarkWatchlist.swift */,
			);
			path = "TMDB Requests";
			sourceTree = "<group>";
		};
		D9EFB7BC228834CA00E32980 /* Data */ = {
			isa = PBXGroup;
			children = (
				D9EFB7BD228834CA00E32980 /* MovieModel.swift */,
			);
			path = Data;
			sourceTree = "<group>";
		};
		D9EFB7BE228834CA00E32980 /* TMDB Responses */ = {
			isa = PBXGroup;
			children = (
				D9EFB7BF228834CA00E32980 /* RequestTokenResponse.swift */,
				D9EFB7C0228834CA00E32980 /* SessionResponse.swift */,
				D9EFB7C1228834CA00E32980 /* Movie.swift */,
				D9EFB7C2228834CA00E32980 /* MovieResults.swift */,
				D9EFB7C3228834CA00E32980 /* TMDBResponse.swift */,
			);
			path = "TMDB Responses";
			sourceTree = "<group>";
		};
		D9EFB7D12288789B00E32980 /* DetailScreen */ = {
			isa = PBXGroup;
			children = (
				D9EFB7D2228878BE00E32980 /* MovieDetailViewController.storyboard */,
				D9EFB7D4228878EB00E32980 /* MovieDetailViewController.swift */,
			);
			path = DetailScreen;
			sourceTree = "<group>";
		};
/* End PBXGroup section */

/* Begin PBXNativeTarget section */
		D99123422285A74A00E9BDA6 /* My Movies */ = {
			isa = PBXNativeTarget;
			buildConfigurationList = D99123552285A74C00E9BDA6 /* Build configuration list for PBXNativeTarget "My Movies" */;
			buildPhases = (
				5A91EEF58CAA057D848D2423 /* [CP] Check Pods Manifest.lock */,
				D991233F2285A74A00E9BDA6 /* Sources */,
				D99123402285A74A00E9BDA6 /* Frameworks */,
				D99123412285A74A00E9BDA6 /* Resources */,
				7023D29FEB142B8BE850A413 /* [CP] Embed Pods Frameworks */,
			);
			buildRules = (
			);
			dependencies = (
			);
			name = "My Movies";
			productName = "My Movies";
			productReference = D99123432285A74A00E9BDA6 /* My Movies.app */;
			productType = "com.apple.product-type.application";
		};
/* End PBXNativeTarget section */

/* Begin PBXProject section */
		D991233B2285A74A00E9BDA6 /* Project object */ = {
			isa = PBXProject;
			attributes = {
				LastSwiftUpdateCheck = 1010;
				LastUpgradeCheck = 1010;
				ORGANIZATIONNAME = KarimMetawea;
				TargetAttributes = {
					D99123422285A74A00E9BDA6 = {
						CreatedOnToolsVersion = 10.1;
					};
				};
			};
			buildConfigurationList = D991233E2285A74A00E9BDA6 /* Build configuration list for PBXProject "My Movies" */;
			compatibilityVersion = "Xcode 9.3";
			developmentRegion = en;
			hasScannedForEncodings = 0;
			knownRegions = (
				en,
				Base,
			);
			mainGroup = D991233A2285A74A00E9BDA6;
			productRefGroup = D99123442285A74A00E9BDA6 /* Products */;
			projectDirPath = "";
			projectRoot = "";
			targets = (
				D99123422285A74A00E9BDA6 /* My Movies */,
			);
		};
/* End PBXProject section */

/* Begin PBXResourcesBuildPhase section */
		D99123412285A74A00E9BDA6 /* Resources */ = {
			isa = PBXResourcesBuildPhase;
			buildActionMask = 2147483647;
			files = (
				D99123512285A74C00E9BDA6 /* LaunchScreen.storyboard in Resources */,
				D9EFB7D3228878BE00E32980 /* MovieDetailViewController.storyboard in Resources */,
				D99123672285BFCA00E9BDA6 /* Colors.xcassets in Resources */,
				D991234C2285A74A00E9BDA6 /* Main.storyboard in Resources */,
				D991238C228652E400E9BDA6 /* Assets.xcassets in Resources */,
				D9912381228643F700E9BDA6 /* Movies.storyboard in Resources */,
			);
			runOnlyForDeploymentPostprocessing = 0;
		};
/* End PBXResourcesBuildPhase section */

/* Begin PBXShellScriptBuildPhase section */
		5A91EEF58CAA057D848D2423 /* [CP] Check Pods Manifest.lock */ = {
			isa = PBXShellScriptBuildPhase;
			buildActionMask = 2147483647;
			files = (
			);
			inputFileListPaths = (
			);
			inputPaths = (
				"${PODS_PODFILE_DIR_PATH}/Podfile.lock",
				"${PODS_ROOT}/Manifest.lock",
			);
			name = "[CP] Check Pods Manifest.lock";
			outputFileListPaths = (
			);
			outputPaths = (
				"$(DERIVED_FILE_DIR)/Pods-My Movies-checkManifestLockResult.txt",
			);
			runOnlyForDeploymentPostprocessing = 0;
			shellPath = /bin/sh;
			shellScript = "diff \"${PODS_PODFILE_DIR_PATH}/Podfile.lock\" \"${PODS_ROOT}/Manifest.lock\" > /dev/null\nif [ $? != 0 ] ; then\n    # print error to STDERR\n    echo \"error: The sandbox is not in sync with the Podfile.lock. Run 'pod install' or update your CocoaPods installation.\" >&2\n    exit 1\nfi\n# This output is used by Xcode 'outputs' to avoid re-running this script phase.\necho \"SUCCESS\" > \"${SCRIPT_OUTPUT_FILE_0}\"\n";
			showEnvVarsInLog = 0;
		};
		7023D29FEB142B8BE850A413 /* [CP] Embed Pods Frameworks */ = {
			isa = PBXShellScriptBuildPhase;
			buildActionMask = 2147483647;
			files = (
			);
			inputFileListPaths = (
			);
			inputPaths = (
				"${PODS_ROOT}/Target Support Files/Pods-My Movies/Pods-My Movies-frameworks.sh",
				"${BUILT_PRODUCTS_DIR}/Alamofire/Alamofire.framework",
				"${BUILT_PRODUCTS_DIR}/Hero/Hero.framework",
				"${BUILT_PRODUCTS_DIR}/Kingfisher/Kingfisher.framework",
				"${BUILT_PRODUCTS_DIR}/Spring/Spring.framework",
			);
			name = "[CP] Embed Pods Frameworks";
			outputFileListPaths = (
			);
			outputPaths = (
				"${TARGET_BUILD_DIR}/${FRAMEWORKS_FOLDER_PATH}/Alamofire.framework",
				"${TARGET_BUILD_DIR}/${FRAMEWORKS_FOLDER_PATH}/Hero.framework",
				"${TARGET_BUILD_DIR}/${FRAMEWORKS_FOLDER_PATH}/Kingfisher.framework",
				"${TARGET_BUILD_DIR}/${FRAMEWORKS_FOLDER_PATH}/Spring.framework",
			);
			runOnlyForDeploymentPostprocessing = 0;
			shellPath = /bin/sh;
			shellScript = "\"${PODS_ROOT}/Target Support Files/Pods-My Movies/Pods-My Movies-frameworks.sh\"\n";
			showEnvVarsInLog = 0;
		};
/* End PBXShellScriptBuildPhase section */

/* Begin PBXSourcesBuildPhase section */
		D991233F2285A74A00E9BDA6 /* Sources */ = {
			isa = PBXSourcesBuildPhase;
			buildActionMask = 2147483647;
			files = (
				D9EFB7CE228834CA00E32980 /* Movie.swift in Sources */,
				D99123492285A74A00E9BDA6 /* LogInViewController.swift in Sources */,
				D9EFB7CC228834CA00E32980 /* RequestTokenResponse.swift in Sources */,
				D9EFB7CA228834CA00E32980 /* MarkWatchlist.swift in Sources */,
				D9EF55F92287250D004F3941 /* MovieCell.swift in Sources */,
				D9EFB7C8228834CA00E32980 /* PostSession.swift in Sources */,
				D9EFB7CD228834CA00E32980 /* SessionResponse.swift in Sources */,
				D9EFB7CF228834CA00E32980 /* MovieResults.swift in Sources */,
				D99123882286466D00E9BDA6 /* FavouriteViewController.swift in Sources */,
				D9EFB7C7228834CA00E32980 /* LoginRequest.swift in Sources */,
				D99123832286460900E9BDA6 /* HomeViewController.swift in Sources */,
				D991236E2285C30F00E9BDA6 /* RoundedUiView.swift in Sources */,
				D9EFB7C5228834CA00E32980 /* TMDBClient.swift in Sources */,
				D991236B2285C16E00E9BDA6 /* Theme.swift in Sources */,
				D99123852286463000E9BDA6 /* WatchListViewController.swift in Sources */,
				D99123472285A74A00E9BDA6 /* AppDelegate.swift in Sources */,
				D9EFB7D0228834CA00E32980 /* TMDBResponse.swift in Sources */,
				D9EFB7CB228834CA00E32980 /* MovieModel.swift in Sources */,
				D9EFB7C9228834CA00E32980 /* LogoutRequest.swift in Sources */,
				D9EFB7C4228834CA00E32980 /* TMDBTypes.swift in Sources */,
				D9EFB7D5228878EB00E32980 /* MovieDetailViewController.swift in Sources */,
				D9EFB7C6228834CA00E32980 /* MarkFavorite.swift in Sources */,
			);
			runOnlyForDeploymentPostprocessing = 0;
		};
/* End PBXSourcesBuildPhase section */

/* Begin PBXVariantGroup section */
		D991234A2285A74A00E9BDA6 /* Main.storyboard */ = {
			isa = PBXVariantGroup;
			children = (
				D991234B2285A74A00E9BDA6 /* Base */,
			);
			name = Main.storyboard;
			sourceTree = "<group>";
		};
		D991234F2285A74C00E9BDA6 /* LaunchScreen.storyboard */ = {
			isa = PBXVariantGroup;
			children = (
				D99123502285A74C00E9BDA6 /* Base */,
			);
			name = LaunchScreen.storyboard;
			sourceTree = "<group>";
		};
/* End PBXVariantGroup section */

/* Begin XCBuildConfiguration section */
		D99123532285A74C00E9BDA6 /* Debug */ = {
			isa = XCBuildConfiguration;
			buildSettings = {
				ALWAYS_SEARCH_USER_PATHS = NO;
				CLANG_ANALYZER_NONNULL = YES;
				CLANG_ANALYZER_NUMBER_OBJECT_CONVERSION = YES_AGGRESSIVE;
				CLANG_CXX_LANGUAGE_STANDARD = "gnu++14";
				CLANG_CXX_LIBRARY = "libc++";
				CLANG_ENABLE_MODULES = YES;
				CLANG_ENABLE_OBJC_ARC = YES;
				CLANG_ENABLE_OBJC_WEAK = YES;
				CLANG_WARN_BLOCK_CAPTURE_AUTORELEASING = YES;
				CLANG_WARN_BOOL_CONVERSION = YES;
				CLANG_WARN_COMMA = YES;
				CLANG_WARN_CONSTANT_CONVERSION = YES;
				CLANG_WARN_DEPRECATED_OBJC_IMPLEMENTATIONS = YES;
				CLANG_WARN_DIRECT_OBJC_ISA_USAGE = YES_ERROR;
				CLANG_WARN_DOCUMENTATION_COMMENTS = YES;
				CLANG_WARN_EMPTY_BODY = YES;
				CLANG_WARN_ENUM_CONVERSION = YES;
				CLANG_WARN_INFINITE_RECURSION = YES;
				CLANG_WARN_INT_CONVERSION = YES;
				CLANG_WARN_NON_LITERAL_NULL_CONVERSION = YES;
				CLANG_WARN_OBJC_IMPLICIT_RETAIN_SELF = YES;
				CLANG_WARN_OBJC_LITERAL_CONVERSION = YES;
				CLANG_WARN_OBJC_ROOT_CLASS = YES_ERROR;
				CLANG_WARN_RANGE_LOOP_ANALYSIS = YES;
				CLANG_WARN_STRICT_PROTOTYPES = YES;
				CLANG_WARN_SUSPICIOUS_MOVE = YES;
				CLANG_WARN_UNGUARDED_AVAILABILITY = YES_AGGRESSIVE;
				CLANG_WARN_UNREACHABLE_CODE = YES;
				CLANG_WARN__DUPLICATE_METHOD_MATCH = YES;
				CODE_SIGN_IDENTITY = "iPhone Developer";
				COPY_PHASE_STRIP = NO;
				DEBUG_INFORMATION_FORMAT = dwarf;
				ENABLE_STRICT_OBJC_MSGSEND = YES;
				ENABLE_TESTABILITY = YES;
				GCC_C_LANGUAGE_STANDARD = gnu11;
				GCC_DYNAMIC_NO_PIC = NO;
				GCC_NO_COMMON_BLOCKS = YES;
				GCC_OPTIMIZATION_LEVEL = 0;
				GCC_PREPROCESSOR_DEFINITIONS = (
					"DEBUG=1",
					"$(inherited)",
				);
				GCC_WARN_64_TO_32_BIT_CONVERSION = YES;
				GCC_WARN_ABOUT_RETURN_TYPE = YES_ERROR;
				GCC_WARN_UNDECLARED_SELECTOR = YES;
				GCC_WARN_UNINITIALIZED_AUTOS = YES_AGGRESSIVE;
				GCC_WARN_UNUSED_FUNCTION = YES;
				GCC_WARN_UNUSED_VARIABLE = YES;
				IPHONEOS_DEPLOYMENT_TARGET = 12.1;
				MTL_ENABLE_DEBUG_INFO = INCLUDE_SOURCE;
				MTL_FAST_MATH = YES;
				ONLY_ACTIVE_ARCH = YES;
				SDKROOT = iphoneos;
				SWIFT_ACTIVE_COMPILATION_CONDITIONS = DEBUG;
				SWIFT_OPTIMIZATION_LEVEL = "-Onone";
			};
			name = Debug;
		};
		D99123542285A74C00E9BDA6 /* Release */ = {
			isa = XCBuildConfiguration;
			buildSettings = {
				ALWAYS_SEARCH_USER_PATHS = NO;
				CLANG_ANALYZER_NONNULL = YES;
				CLANG_ANALYZER_NUMBER_OBJECT_CONVERSION = YES_AGGRESSIVE;
				CLANG_CXX_LANGUAGE_STANDARD = "gnu++14";
				CLANG_CXX_LIBRARY = "libc++";
				CLANG_ENABLE_MODULES = YES;
				CLANG_ENABLE_OBJC_ARC = YES;
				CLANG_ENABLE_OBJC_WEAK = YES;
				CLANG_WARN_BLOCK_CAPTURE_AUTORELEASING = YES;
				CLANG_WARN_BOOL_CONVERSION = YES;
				CLANG_WARN_COMMA = YES;
				CLANG_WARN_CONSTANT_CONVERSION = YES;
				CLANG_WARN_DEPRECATED_OBJC_IMPLEMENTATIONS = YES;
				CLANG_WARN_DIRECT_OBJC_ISA_USAGE = YES_ERROR;
				CLANG_WARN_DOCUMENTATION_COMMENTS = YES;
				CLANG_WARN_EMPTY_BODY = YES;
				CLANG_WARN_ENUM_CONVERSION = YES;
				CLANG_WARN_INFINITE_RECURSION = YES;
				CLANG_WARN_INT_CONVERSION = YES;
				CLANG_WARN_NON_LITERAL_NULL_CONVERSION = YES;
				CLANG_WARN_OBJC_IMPLICIT_RETAIN_SELF = YES;
				CLANG_WARN_OBJC_LITERAL_CONVERSION = YES;
				CLANG_WARN_OBJC_ROOT_CLASS = YES_ERROR;
				CLANG_WARN_RANGE_LOOP_ANALYSIS = YES;
				CLANG_WARN_STRICT_PROTOTYPES = YES;
				CLANG_WARN_SUSPICIOUS_MOVE = YES;
				CLANG_WARN_UNGUARDED_AVAILABILITY = YES_AGGRESSIVE;
				CLANG_WARN_UNREACHABLE_CODE = YES;
				CLANG_WARN__DUPLICATE_METHOD_MATCH = YES;
				CODE_SIGN_IDENTITY = "iPhone Developer";
				COPY_PHASE_STRIP = NO;
				DEBUG_INFORMATION_FORMAT = "dwarf-with-dsym";
				ENABLE_NS_ASSERTIONS = NO;
				ENABLE_STRICT_OBJC_MSGSEND = YES;
				GCC_C_LANGUAGE_STANDARD = gnu11;
				GCC_NO_COMMON_BLOCKS = YES;
				GCC_WARN_64_TO_32_BIT_CONVERSION = YES;
				GCC_WARN_ABOUT_RETURN_TYPE = YES_ERROR;
				GCC_WARN_UNDECLARED_SELECTOR = YES;
				GCC_WARN_UNINITIALIZED_AUTOS = YES_AGGRESSIVE;
				GCC_WARN_UNUSED_FUNCTION = YES;
				GCC_WARN_UNUSED_VARIABLE = YES;
				IPHONEOS_DEPLOYMENT_TARGET = 12.1;
				MTL_ENABLE_DEBUG_INFO = NO;
				MTL_FAST_MATH = YES;
				SDKROOT = iphoneos;
				SWIFT_COMPILATION_MODE = wholemodule;
				SWIFT_OPTIMIZATION_LEVEL = "-O";
				VALIDATE_PRODUCT = YES;
			};
			name = Release;
		};
		D99123562285A74C00E9BDA6 /* Debug */ = {
			isa = XCBuildConfiguration;
			baseConfigurationReference = F17036469D42CD0ED0EDEC48 /* Pods-My Movies.debug.xcconfig */;
			buildSettings = {
				ASSETCATALOG_COMPILER_APPICON_NAME = AppIcon;
				CODE_SIGN_STYLE = Automatic;
				INFOPLIST_FILE = "My Movies/Info.plist";
				LD_RUNPATH_SEARCH_PATHS = (
					"$(inherited)",
					"@executable_path/Frameworks",
				);
				PRODUCT_BUNDLE_IDENTIFIER = "trainingApps.My-Movies";
				PRODUCT_NAME = "$(TARGET_NAME)";
				SWIFT_VERSION = 4.2;
				TARGETED_DEVICE_FAMILY = "1,2";
			};
			name = Debug;
		};
		D99123572285A74C00E9BDA6 /* Release */ = {
			isa = XCBuildConfiguration;
			baseConfigurationReference = 698BA778F01CBFF373434219 /* Pods-My Movies.release.xcconfig */;
			buildSettings = {
				ASSETCATALOG_COMPILER_APPICON_NAME = AppIcon;
				CODE_SIGN_STYLE = Automatic;
				INFOPLIST_FILE = "My Movies/Info.plist";
				LD_RUNPATH_SEARCH_PATHS = (
					"$(inherited)",
					"@executable_path/Frameworks",
				);
				PRODUCT_BUNDLE_IDENTIFIER = "trainingApps.My-Movies";
				PRODUCT_NAME = "$(TARGET_NAME)";
				SWIFT_VERSION = 4.2;
				TARGETED_DEVICE_FAMILY = "1,2";
			};
			name = Release;
		};
/* End XCBuildConfiguration section */

/* Begin XCConfigurationList section */
		D991233E2285A74A00E9BDA6 /* Build configuration list for PBXProject "My Movies" */ = {
			isa = XCConfigurationList;
			buildConfigurations = (
				D99123532285A74C00E9BDA6 /* Debug */,
				D99123542285A74C00E9BDA6 /* Release */,
			);
			defaultConfigurationIsVisible = 0;
			defaultConfigurationName = Release;
		};
		D99123552285A74C00E9BDA6 /* Build configuration list for PBXNativeTarget "My Movies" */ = {
			isa = XCConfigurationList;
			buildConfigurations = (
				D99123562285A74C00E9BDA6 /* Debug */,
				D99123572285A74C00E9BDA6 /* Release */,
			);
			defaultConfigurationIsVisible = 0;
			defaultConfigurationName = Release;
		};
/* End XCConfigurationList section */
	};
	rootObject = D991233B2285A74A00E9BDA6 /* Project object */;
}
